// !$*UTF8*$!
{
	archiveVersion = 1;
	classes = {
	};
	objectVersion = 55;
	objects = {

/* Begin PBXBuildFile section */
		7676C76827253E5900EBC2BC /* AppDelegate.swift in Sources */ = {isa = PBXBuildFile; fileRef = 7676C76727253E5900EBC2BC /* AppDelegate.swift */; };
		7676C76A27253E5900EBC2BC /* SceneDelegate.swift in Sources */ = {isa = PBXBuildFile; fileRef = 7676C76927253E5900EBC2BC /* SceneDelegate.swift */; };
		7676C76C27253E5900EBC2BC /* ExercisesListViewController.swift in Sources */ = {isa = PBXBuildFile; fileRef = 7676C76B27253E5900EBC2BC /* ExercisesListViewController.swift */; };
		7676C76F27253E5900EBC2BC /* Main.storyboard in Resources */ = {isa = PBXBuildFile; fileRef = 7676C76D27253E5900EBC2BC /* Main.storyboard */; };
		7676C77127253E5A00EBC2BC /* Assets.xcassets in Resources */ = {isa = PBXBuildFile; fileRef = 7676C77027253E5A00EBC2BC /* Assets.xcassets */; };
		7676C77427253E5A00EBC2BC /* LaunchScreen.storyboard in Resources */ = {isa = PBXBuildFile; fileRef = 7676C77227253E5A00EBC2BC /* LaunchScreen.storyboard */; };
		7676C77F27253E5A00EBC2BC /* WorkoutTests.swift in Sources */ = {isa = PBXBuildFile; fileRef = 7676C77E27253E5A00EBC2BC /* WorkoutTests.swift */; };
		7676C78927253E5A00EBC2BC /* WorkoutUITests.swift in Sources */ = {isa = PBXBuildFile; fileRef = 7676C78827253E5A00EBC2BC /* WorkoutUITests.swift */; };
		7676C78B27253E5A00EBC2BC /* WorkoutUITestsLaunchTests.swift in Sources */ = {isa = PBXBuildFile; fileRef = 7676C78A27253E5A00EBC2BC /* WorkoutUITestsLaunchTests.swift */; };
		7676C79927253E6C00EBC2BC /* Alamofire in Frameworks */ = {isa = PBXBuildFile; productRef = 7676C79827253E6C00EBC2BC /* Alamofire */; };
		7676C79B27253F3500EBC2BC /* DataLoader.swift in Sources */ = {isa = PBXBuildFile; fileRef = 7676C79A27253F3500EBC2BC /* DataLoader.swift */; };
		7676C7A027253FA600EBC2BC /* ExerciseObject.swift in Sources */ = {isa = PBXBuildFile; fileRef = 7676C79F27253FA600EBC2BC /* ExerciseObject.swift */; };
		7676C7A32725475C00EBC2BC /* Localizable.strings in Resources */ = {isa = PBXBuildFile; fileRef = 7676C7A12725475C00EBC2BC /* Localizable.strings */; };
		7676C7A72725493D00EBC2BC /* String+Extension.swift in Sources */ = {isa = PBXBuildFile; fileRef = 7676C7A62725493D00EBC2BC /* String+Extension.swift */; };
		7676C7A927254A6800EBC2BC /* UIViewController+Extension.swift in Sources */ = {isa = PBXBuildFile; fileRef = 7676C7A827254A6800EBC2BC /* UIViewController+Extension.swift */; };
/* End PBXBuildFile section */

/* Begin PBXContainerItemProxy section */
		7676C77B27253E5A00EBC2BC /* PBXContainerItemProxy */ = {
			isa = PBXContainerItemProxy;
			containerPortal = 7676C75C27253E5900EBC2BC /* Project object */;
			proxyType = 1;
			remoteGlobalIDString = 7676C76327253E5900EBC2BC;
			remoteInfo = Workout;
		};
		7676C78527253E5A00EBC2BC /* PBXContainerItemProxy */ = {
			isa = PBXContainerItemProxy;
			containerPortal = 7676C75C27253E5900EBC2BC /* Project object */;
			proxyType = 1;
			remoteGlobalIDString = 7676C76327253E5900EBC2BC;
			remoteInfo = Workout;
		};
/* End PBXContainerItemProxy section */

/* Begin PBXFileReference section */
		7676C76427253E5900EBC2BC /* Workout.app */ = {isa = PBXFileReference; explicitFileType = wrapper.application; includeInIndex = 0; path = Workout.app; sourceTree = BUILT_PRODUCTS_DIR; };
		7676C76727253E5900EBC2BC /* AppDelegate.swift */ = {isa = PBXFileReference; lastKnownFileType = sourcecode.swift; path = AppDelegate.swift; sourceTree = "<group>"; };
		7676C76927253E5900EBC2BC /* SceneDelegate.swift */ = {isa = PBXFileReference; lastKnownFileType = sourcecode.swift; path = SceneDelegate.swift; sourceTree = "<group>"; };
		7676C76B27253E5900EBC2BC /* ExercisesListViewController.swift */ = {isa = PBXFileReference; lastKnownFileType = sourcecode.swift; path = ExercisesListViewController.swift; sourceTree = "<group>"; };
		7676C76E27253E5900EBC2BC /* Base */ = {isa = PBXFileReference; lastKnownFileType = file.storyboard; name = Base; path = Base.lproj/Main.storyboard; sourceTree = "<group>"; };
		7676C77027253E5A00EBC2BC /* Assets.xcassets */ = {isa = PBXFileReference; lastKnownFileType = folder.assetcatalog; path = Assets.xcassets; sourceTree = "<group>"; };
		7676C77327253E5A00EBC2BC /* Base */ = {isa = PBXFileReference; lastKnownFileType = file.storyboard; name = Base; path = Base.lproj/LaunchScreen.storyboard; sourceTree = "<group>"; };
		7676C77527253E5A00EBC2BC /* Info.plist */ = {isa = PBXFileReference; lastKnownFileType = text.plist.xml; path = Info.plist; sourceTree = "<group>"; };
		7676C77A27253E5A00EBC2BC /* WorkoutTests.xctest */ = {isa = PBXFileReference; explicitFileType = wrapper.cfbundle; includeInIndex = 0; path = WorkoutTests.xctest; sourceTree = BUILT_PRODUCTS_DIR; };
		7676C77E27253E5A00EBC2BC /* WorkoutTests.swift */ = {isa = PBXFileReference; lastKnownFileType = sourcecode.swift; path = WorkoutTests.swift; sourceTree = "<group>"; };
		7676C78427253E5A00EBC2BC /* WorkoutUITests.xctest */ = {isa = PBXFileReference; explicitFileType = wrapper.cfbundle; includeInIndex = 0; path = WorkoutUITests.xctest; sourceTree = BUILT_PRODUCTS_DIR; };
		7676C78827253E5A00EBC2BC /* WorkoutUITests.swift */ = {isa = PBXFileReference; lastKnownFileType = sourcecode.swift; path = WorkoutUITests.swift; sourceTree = "<group>"; };
		7676C78A27253E5A00EBC2BC /* WorkoutUITestsLaunchTests.swift */ = {isa = PBXFileReference; lastKnownFileType = sourcecode.swift; path = WorkoutUITestsLaunchTests.swift; sourceTree = "<group>"; };
		7676C79A27253F3500EBC2BC /* DataLoader.swift */ = {isa = PBXFileReference; lastKnownFileType = sourcecode.swift; path = DataLoader.swift; sourceTree = "<group>"; };
		7676C79F27253FA600EBC2BC /* ExerciseObject.swift */ = {isa = PBXFileReference; lastKnownFileType = sourcecode.swift; path = ExerciseObject.swift; sourceTree = "<group>"; };
		7676C7A22725475C00EBC2BC /* Base */ = {isa = PBXFileReference; lastKnownFileType = text.plist.strings; name = Base; path = Base.lproj/Localizable.strings; sourceTree = "<group>"; };
		7676C7A42725476B00EBC2BC /* en */ = {isa = PBXFileReference; lastKnownFileType = text.plist.strings; name = en; path = en.lproj/Localizable.strings; sourceTree = "<group>"; };
		7676C7A62725493D00EBC2BC /* String+Extension.swift */ = {isa = PBXFileReference; lastKnownFileType = sourcecode.swift; path = "String+Extension.swift"; sourceTree = "<group>"; };
		7676C7A827254A6800EBC2BC /* UIViewController+Extension.swift */ = {isa = PBXFileReference; lastKnownFileType = sourcecode.swift; path = "UIViewController+Extension.swift"; sourceTree = "<group>"; };
/* End PBXFileReference section */

/* Begin PBXFrameworksBuildPhase section */
		7676C76127253E5900EBC2BC /* Frameworks */ = {
			isa = PBXFrameworksBuildPhase;
			buildActionMask = 2147483647;
			files = (
				7676C79927253E6C00EBC2BC /* Alamofire in Frameworks */,
			);
			runOnlyForDeploymentPostprocessing = 0;
		};
		7676C77727253E5A00EBC2BC /* Frameworks */ = {
			isa = PBXFrameworksBuildPhase;
			buildActionMask = 2147483647;
			files = (
			);
			runOnlyForDeploymentPostprocessing = 0;
		};
		7676C78127253E5A00EBC2BC /* Frameworks */ = {
			isa = PBXFrameworksBuildPhase;
			buildActionMask = 2147483647;
			files = (
			);
			runOnlyForDeploymentPostprocessing = 0;
		};
/* End PBXFrameworksBuildPhase section */

/* Begin PBXGroup section */
		7676C75B27253E5900EBC2BC = {
			isa = PBXGroup;
			children = (
				7676C76627253E5900EBC2BC /* Workout */,
				7676C77D27253E5A00EBC2BC /* WorkoutTests */,
				7676C78727253E5A00EBC2BC /* WorkoutUITests */,
				7676C76527253E5900EBC2BC /* Products */,
			);
			sourceTree = "<group>";
		};
		7676C76527253E5900EBC2BC /* Products */ = {
			isa = PBXGroup;
			children = (
				7676C76427253E5900EBC2BC /* Workout.app */,
				7676C77A27253E5A00EBC2BC /* WorkoutTests.xctest */,
				7676C78427253E5A00EBC2BC /* WorkoutUITests.xctest */,
			);
			name = Products;
			sourceTree = "<group>";
		};
		7676C76627253E5900EBC2BC /* Workout */ = {
			isa = PBXGroup;
			children = (
				7676C7A52725492D00EBC2BC /* Extensions */,
				7676C79E27253F9900EBC2BC /* Models */,
				7676C79D27253F4400EBC2BC /* UI */,
				7676C79C27253F3A00EBC2BC /* Data Processors */,
				7676C76727253E5900EBC2BC /* AppDelegate.swift */,
				7676C76927253E5900EBC2BC /* SceneDelegate.swift */,
				7676C76D27253E5900EBC2BC /* Main.storyboard */,
				7676C77027253E5A00EBC2BC /* Assets.xcassets */,
				7676C77227253E5A00EBC2BC /* LaunchScreen.storyboard */,
				7676C77527253E5A00EBC2BC /* Info.plist */,
				7676C7A12725475C00EBC2BC /* Localizable.strings */,
			);
			path = Workout;
			sourceTree = "<group>";
		};
		7676C77D27253E5A00EBC2BC /* WorkoutTests */ = {
			isa = PBXGroup;
			children = (
				7676C77E27253E5A00EBC2BC /* WorkoutTests.swift */,
			);
			path = WorkoutTests;
			sourceTree = "<group>";
		};
		7676C78727253E5A00EBC2BC /* WorkoutUITests */ = {
			isa = PBXGroup;
			children = (
				7676C78827253E5A00EBC2BC /* WorkoutUITests.swift */,
				7676C78A27253E5A00EBC2BC /* WorkoutUITestsLaunchTests.swift */,
			);
			path = WorkoutUITests;
			sourceTree = "<group>";
		};
		7676C79C27253F3A00EBC2BC /* Data Processors */ = {
			isa = PBXGroup;
			children = (
				7676C79A27253F3500EBC2BC /* DataLoader.swift */,
			);
			path = "Data Processors";
			sourceTree = "<group>";
		};
		7676C79D27253F4400EBC2BC /* UI */ = {
			isa = PBXGroup;
			children = (
				7676C76B27253E5900EBC2BC /* ExercisesListViewController.swift */,
			);
			path = UI;
			sourceTree = "<group>";
		};
		7676C79E27253F9900EBC2BC /* Models */ = {
			isa = PBXGroup;
			children = (
				7676C79F27253FA600EBC2BC /* ExerciseObject.swift */,
			);
			path = Models;
			sourceTree = "<group>";
		};
		7676C7A52725492D00EBC2BC /* Extensions */ = {
			isa = PBXGroup;
			children = (
				7676C7A62725493D00EBC2BC /* String+Extension.swift */,
				7676C7A827254A6800EBC2BC /* UIViewController+Extension.swift */,
			);
			path = Extensions;
			sourceTree = "<group>";
		};
/* End PBXGroup section */

/* Begin PBXNativeTarget section */
		7676C76327253E5900EBC2BC /* Workout */ = {
			isa = PBXNativeTarget;
			buildConfigurationList = 7676C78E27253E5A00EBC2BC /* Build configuration list for PBXNativeTarget "Workout" */;
			buildPhases = (
				7676C76027253E5900EBC2BC /* Sources */,
				7676C76127253E5900EBC2BC /* Frameworks */,
				7676C76227253E5900EBC2BC /* Resources */,
			);
			buildRules = (
			);
			dependencies = (
			);
			name = Workout;
			packageProductDependencies = (
				7676C79827253E6C00EBC2BC /* Alamofire */,
			);
			productName = Workout;
			productReference = 7676C76427253E5900EBC2BC /* Workout.app */;
			productType = "com.apple.product-type.application";
		};
		7676C77927253E5A00EBC2BC /* WorkoutTests */ = {
			isa = PBXNativeTarget;
			buildConfigurationList = 7676C79127253E5A00EBC2BC /* Build configuration list for PBXNativeTarget "WorkoutTests" */;
			buildPhases = (
				7676C77627253E5A00EBC2BC /* Sources */,
				7676C77727253E5A00EBC2BC /* Frameworks */,
				7676C77827253E5A00EBC2BC /* Resources */,
			);
			buildRules = (
			);
			dependencies = (
				7676C77C27253E5A00EBC2BC /* PBXTargetDependency */,
			);
			name = WorkoutTests;
			productName = WorkoutTests;
			productReference = 7676C77A27253E5A00EBC2BC /* WorkoutTests.xctest */;
			productType = "com.apple.product-type.bundle.unit-test";
		};
		7676C78327253E5A00EBC2BC /* WorkoutUITests */ = {
			isa = PBXNativeTarget;
			buildConfigurationList = 7676C79427253E5A00EBC2BC /* Build configuration list for PBXNativeTarget "WorkoutUITests" */;
			buildPhases = (
				7676C78027253E5A00EBC2BC /* Sources */,
				7676C78127253E5A00EBC2BC /* Frameworks */,
				7676C78227253E5A00EBC2BC /* Resources */,
			);
			buildRules = (
			);
			dependencies = (
				7676C78627253E5A00EBC2BC /* PBXTargetDependency */,
			);
			name = WorkoutUITests;
			productName = WorkoutUITests;
			productReference = 7676C78427253E5A00EBC2BC /* WorkoutUITests.xctest */;
			productType = "com.apple.product-type.bundle.ui-testing";
		};
/* End PBXNativeTarget section */

/* Begin PBXProject section */
		7676C75C27253E5900EBC2BC /* Project object */ = {
			isa = PBXProject;
			attributes = {
				BuildIndependentTargetsInParallel = 1;
				LastSwiftUpdateCheck = 1300;
				LastUpgradeCheck = 1300;
				TargetAttributes = {
					7676C76327253E5900EBC2BC = {
						CreatedOnToolsVersion = 13.0;
					};
					7676C77927253E5A00EBC2BC = {
						CreatedOnToolsVersion = 13.0;
						TestTargetID = 7676C76327253E5900EBC2BC;
					};
					7676C78327253E5A00EBC2BC = {
						CreatedOnToolsVersion = 13.0;
						TestTargetID = 7676C76327253E5900EBC2BC;
					};
				};
			};
			buildConfigurationList = 7676C75F27253E5900EBC2BC /* Build configuration list for PBXProject "Workout" */;
			compatibilityVersion = "Xcode 13.0";
			developmentRegion = en;
			hasScannedForEncodings = 0;
			knownRegions = (
				en,
				Base,
			);
			mainGroup = 7676C75B27253E5900EBC2BC;
			packageReferences = (
				7676C79727253E6C00EBC2BC /* XCRemoteSwiftPackageReference "Alamofire" */,
			);
			productRefGroup = 7676C76527253E5900EBC2BC /* Products */;
			projectDirPath = "";
			projectRoot = "";
			targets = (
				7676C76327253E5900EBC2BC /* Workout */,
				7676C77927253E5A00EBC2BC /* WorkoutTests */,
				7676C78327253E5A00EBC2BC /* WorkoutUITests */,
			);
		};
/* End PBXProject section */

/* Begin PBXResourcesBuildPhase section */
		7676C76227253E5900EBC2BC /* Resources */ = {
			isa = PBXResourcesBuildPhase;
			buildActionMask = 2147483647;
			files = (
				7676C77427253E5A00EBC2BC /* LaunchScreen.storyboard in Resources */,
				7676C7A32725475C00EBC2BC /* Localizable.strings in Resources */,
				7676C77127253E5A00EBC2BC /* Assets.xcassets in Resources */,
				7676C76F27253E5900EBC2BC /* Main.storyboard in Resources */,
			);
			runOnlyForDeploymentPostprocessing = 0;
		};
		7676C77827253E5A00EBC2BC /* Resources */ = {
			isa = PBXResourcesBuildPhase;
			buildActionMask = 2147483647;
			files = (
			);
			runOnlyForDeploymentPostprocessing = 0;
		};
		7676C78227253E5A00EBC2BC /* Resources */ = {
			isa = PBXResourcesBuildPhase;
			buildActionMask = 2147483647;
			files = (
			);
			runOnlyForDeploymentPostprocessing = 0;
		};
/* End PBXResourcesBuildPhase section */

/* Begin PBXSourcesBuildPhase section */
		7676C76027253E5900EBC2BC /* Sources */ = {
			isa = PBXSourcesBuildPhase;
			buildActionMask = 2147483647;
			files = (
				7676C79B27253F3500EBC2BC /* DataLoader.swift in Sources */,
				7676C7A027253FA600EBC2BC /* ExerciseObject.swift in Sources */,
				7676C76C27253E5900EBC2BC /* ExercisesListViewController.swift in Sources */,
				7676C76827253E5900EBC2BC /* AppDelegate.swift in Sources */,
				7676C7A927254A6800EBC2BC /* UIViewController+Extension.swift in Sources */,
				7676C7A72725493D00EBC2BC /* String+Extension.swift in Sources */,
				7676C76A27253E5900EBC2BC /* SceneDelegate.swift in Sources */,
			);
			runOnlyForDeploymentPostprocessing = 0;
		};
		7676C77627253E5A00EBC2BC /* Sources */ = {
			isa = PBXSourcesBuildPhase;
			buildActionMask = 2147483647;
			files = (
				7676C77F27253E5A00EBC2BC /* WorkoutTests.swift in Sources */,
			);
			runOnlyForDeploymentPostprocessing = 0;
		};
		7676C78027253E5A00EBC2BC /* Sources */ = {
			isa = PBXSourcesBuildPhase;
			buildActionMask = 2147483647;
			files = (
				7676C78B27253E5A00EBC2BC /* WorkoutUITestsLaunchTests.swift in Sources */,
				7676C78927253E5A00EBC2BC /* WorkoutUITests.swift in Sources */,
			);
			runOnlyForDeploymentPostprocessing = 0;
		};
/* End PBXSourcesBuildPhase section */

/* Begin PBXTargetDependency section */
		7676C77C27253E5A00EBC2BC /* PBXTargetDependency */ = {
			isa = PBXTargetDependency;
			target = 7676C76327253E5900EBC2BC /* Workout */;
			targetProxy = 7676C77B27253E5A00EBC2BC /* PBXContainerItemProxy */;
		};
		7676C78627253E5A00EBC2BC /* PBXTargetDependency */ = {
			isa = PBXTargetDependency;
			target = 7676C76327253E5900EBC2BC /* Workout */;
			targetProxy = 7676C78527253E5A00EBC2BC /* PBXContainerItemProxy */;
		};
/* End PBXTargetDependency section */

/* Begin PBXVariantGroup section */
		7676C76D27253E5900EBC2BC /* Main.storyboard */ = {
			isa = PBXVariantGroup;
			children = (
				7676C76E27253E5900EBC2BC /* Base */,
			);
			name = Main.storyboard;
			sourceTree = "<group>";
		};
		7676C77227253E5A00EBC2BC /* LaunchScreen.storyboard */ = {
			isa = PBXVariantGroup;
			children = (
				7676C77327253E5A00EBC2BC /* Base */,
			);
			name = LaunchScreen.storyboard;
			sourceTree = "<group>";
		};
		7676C7A12725475C00EBC2BC /* Localizable.strings */ = {
			isa = PBXVariantGroup;
			children = (
				7676C7A22725475C00EBC2BC /* Base */,
				7676C7A42725476B00EBC2BC /* en */,
			);
			name = Localizable.strings;
			sourceTree = "<group>";
		};
/* End PBXVariantGroup section */

/* Begin XCBuildConfiguration section */
		7676C78C27253E5A00EBC2BC /* Debug */ = {
			isa = XCBuildConfiguration;
			buildSettings = {
				ALWAYS_SEARCH_USER_PATHS = NO;
				CLANG_ANALYZER_NONNULL = YES;
				CLANG_ANALYZER_NUMBER_OBJECT_CONVERSION = YES_AGGRESSIVE;
				CLANG_CXX_LANGUAGE_STANDARD = "gnu++17";
				CLANG_CXX_LIBRARY = "libc++";
				CLANG_ENABLE_MODULES = YES;
				CLANG_ENABLE_OBJC_ARC = YES;
				CLANG_ENABLE_OBJC_WEAK = YES;
				CLANG_WARN_BLOCK_CAPTURE_AUTORELEASING = YES;
				CLANG_WARN_BOOL_CONVERSION = YES;
				CLANG_WARN_COMMA = YES;
				CLANG_WARN_CONSTANT_CONVERSION = YES;
				CLANG_WARN_DEPRECATED_OBJC_IMPLEMENTATIONS = YES;
				CLANG_WARN_DIRECT_OBJC_ISA_USAGE = YES_ERROR;
				CLANG_WARN_DOCUMENTATION_COMMENTS = YES;
				CLANG_WARN_EMPTY_BODY = YES;
				CLANG_WARN_ENUM_CONVERSION = YES;
				CLANG_WARN_INFINITE_RECURSION = YES;
				CLANG_WARN_INT_CONVERSION = YES;
				CLANG_WARN_NON_LITERAL_NULL_CONVERSION = YES;
				CLANG_WARN_OBJC_IMPLICIT_RETAIN_SELF = YES;
				CLANG_WARN_OBJC_LITERAL_CONVERSION = YES;
				CLANG_WARN_OBJC_ROOT_CLASS = YES_ERROR;
				CLANG_WARN_QUOTED_INCLUDE_IN_FRAMEWORK_HEADER = YES;
				CLANG_WARN_RANGE_LOOP_ANALYSIS = YES;
				CLANG_WARN_STRICT_PROTOTYPES = YES;
				CLANG_WARN_SUSPICIOUS_MOVE = YES;
				CLANG_WARN_UNGUARDED_AVAILABILITY = YES_AGGRESSIVE;
				CLANG_WARN_UNREACHABLE_CODE = YES;
				CLANG_WARN__DUPLICATE_METHOD_MATCH = YES;
				COPY_PHASE_STRIP = NO;
				DEBUG_INFORMATION_FORMAT = dwarf;
				ENABLE_STRICT_OBJC_MSGSEND = YES;
				ENABLE_TESTABILITY = YES;
				GCC_C_LANGUAGE_STANDARD = gnu11;
				GCC_DYNAMIC_NO_PIC = NO;
				GCC_NO_COMMON_BLOCKS = YES;
				GCC_OPTIMIZATION_LEVEL = 0;
				GCC_PREPROCESSOR_DEFINITIONS = (
					"DEBUG=1",
					"$(inherited)",
				);
				GCC_WARN_64_TO_32_BIT_CONVERSION = YES;
				GCC_WARN_ABOUT_RETURN_TYPE = YES_ERROR;
				GCC_WARN_UNDECLARED_SELECTOR = YES;
				GCC_WARN_UNINITIALIZED_AUTOS = YES_AGGRESSIVE;
				GCC_WARN_UNUSED_FUNCTION = YES;
				GCC_WARN_UNUSED_VARIABLE = YES;
				IPHONEOS_DEPLOYMENT_TARGET = 15.0;
				MTL_ENABLE_DEBUG_INFO = INCLUDE_SOURCE;
				MTL_FAST_MATH = YES;
				ONLY_ACTIVE_ARCH = YES;
				SDKROOT = iphoneos;
				SWIFT_ACTIVE_COMPILATION_CONDITIONS = DEBUG;
				SWIFT_OPTIMIZATION_LEVEL = "-Onone";
			};
			name = Debug;
		};
		7676C78D27253E5A00EBC2BC /* Release */ = {
			isa = XCBuildConfiguration;
			buildSettings = {
				ALWAYS_SEARCH_USER_PATHS = NO;
				CLANG_ANALYZER_NONNULL = YES;
				CLANG_ANALYZER_NUMBER_OBJECT_CONVERSION = YES_AGGRESSIVE;
				CLANG_CXX_LANGUAGE_STANDARD = "gnu++17";
				CLANG_CXX_LIBRARY = "libc++";
				CLANG_ENABLE_MODULES = YES;
				CLANG_ENABLE_OBJC_ARC = YES;
				CLANG_ENABLE_OBJC_WEAK = YES;
				CLANG_WARN_BLOCK_CAPTURE_AUTORELEASING = YES;
				CLANG_WARN_BOOL_CONVERSION = YES;
				CLANG_WARN_COMMA = YES;
				CLANG_WARN_CONSTANT_CONVERSION = YES;
				CLANG_WARN_DEPRECATED_OBJC_IMPLEMENTATIONS = YES;
				CLANG_WARN_DIRECT_OBJC_ISA_USAGE = YES_ERROR;
				CLANG_WARN_DOCUMENTATION_COMMENTS = YES;
				CLANG_WARN_EMPTY_BODY = YES;
				CLANG_WARN_ENUM_CONVERSION = YES;
				CLANG_WARN_INFINITE_RECURSION = YES;
				CLANG_WARN_INT_CONVERSION = YES;
				CLANG_WARN_NON_LITERAL_NULL_CONVERSION = YES;
				CLANG_WARN_OBJC_IMPLICIT_RETAIN_SELF = YES;
				CLANG_WARN_OBJC_LITERAL_CONVERSION = YES;
				CLANG_WARN_OBJC_ROOT_CLASS = YES_ERROR;
				CLANG_WARN_QUOTED_INCLUDE_IN_FRAMEWORK_HEADER = YES;
				CLANG_WARN_RANGE_LOOP_ANALYSIS = YES;
				CLANG_WARN_STRICT_PROTOTYPES = YES;
				CLANG_WARN_SUSPICIOUS_MOVE = YES;
				CLANG_WARN_UNGUARDED_AVAILABILITY = YES_AGGRESSIVE;
				CLANG_WARN_UNREACHABLE_CODE = YES;
				CLANG_WARN__DUPLICATE_METHOD_MATCH = YES;
				COPY_PHASE_STRIP = NO;
				DEBUG_INFORMATION_FORMAT = "dwarf-with-dsym";
				ENABLE_NS_ASSERTIONS = NO;
				ENABLE_STRICT_OBJC_MSGSEND = YES;
				GCC_C_LANGUAGE_STANDARD = gnu11;
				GCC_NO_COMMON_BLOCKS = YES;
				GCC_WARN_64_TO_32_BIT_CONVERSION = YES;
				GCC_WARN_ABOUT_RETURN_TYPE = YES_ERROR;
				GCC_WARN_UNDECLARED_SELECTOR = YES;
				GCC_WARN_UNINITIALIZED_AUTOS = YES_AGGRESSIVE;
				GCC_WARN_UNUSED_FUNCTION = YES;
				GCC_WARN_UNUSED_VARIABLE = YES;
				IPHONEOS_DEPLOYMENT_TARGET = 15.0;
				MTL_ENABLE_DEBUG_INFO = NO;
				MTL_FAST_MATH = YES;
				SDKROOT = iphoneos;
				SWIFT_COMPILATION_MODE = wholemodule;
				SWIFT_OPTIMIZATION_LEVEL = "-O";
				VALIDATE_PRODUCT = YES;
			};
			name = Release;
		};
		7676C78F27253E5A00EBC2BC /* Debug */ = {
			isa = XCBuildConfiguration;
			buildSettings = {
				ASSETCATALOG_COMPILER_APPICON_NAME = AppIcon;
				ASSETCATALOG_COMPILER_GLOBAL_ACCENT_COLOR_NAME = AccentColor;
				CODE_SIGN_STYLE = Automatic;
				CURRENT_PROJECT_VERSION = 1;
				DEVELOPMENT_TEAM = J8NW6SD29Q;
				GENERATE_INFOPLIST_FILE = YES;
				INFOPLIST_FILE = Workout/Info.plist;
				INFOPLIST_KEY_UIApplicationSupportsIndirectInputEvents = YES;
				INFOPLIST_KEY_UILaunchStoryboardName = LaunchScreen;
				INFOPLIST_KEY_UIMainStoryboardFile = Main;
				INFOPLIST_KEY_UISupportedInterfaceOrientations_iPad = "UIInterfaceOrientationPortrait UIInterfaceOrientationPortraitUpsideDown UIInterfaceOrientationLandscapeLeft UIInterfaceOrientationLandscapeRight";
				INFOPLIST_KEY_UISupportedInterfaceOrientations_iPhone = "UIInterfaceOrientationPortrait UIInterfaceOrientationLandscapeLeft UIInterfaceOrientationLandscapeRight";
				LD_RUNPATH_SEARCH_PATHS = (
					"$(inherited)",
					"@executable_path/Frameworks",
				);
				MARKETING_VERSION = 1.0;
				PRODUCT_BUNDLE_IDENTIFIER = com.ichernov.Workout;
				PRODUCT_NAME = "$(TARGET_NAME)";
				SWIFT_EMIT_LOC_STRINGS = YES;
				SWIFT_VERSION = 5.0;
				TARGETED_DEVICE_FAMILY = "1,2";
			};
			name = Debug;
		};
		7676C79027253E5A00EBC2BC /* Release */ = {
			isa = XCBuildConfiguration;
			buildSettings = {
				ASSETCATALOG_COMPILER_APPICON_NAME = AppIcon;
				ASSETCATALOG_COMPILER_GLOBAL_ACCENT_COLOR_NAME = AccentColor;
				CODE_SIGN_STYLE = Automatic;
				CURRENT_PROJECT_VERSION = 1;
				DEVELOPMENT_TEAM = J8NW6SD29Q;
				GENERATE_INFOPLIST_FILE = YES;
				INFOPLIST_FILE = Workout/Info.plist;
				INFOPLIST_KEY_UIApplicationSupportsIndirectInputEvents = YES;
				INFOPLIST_KEY_UILaunchStoryboardName = LaunchScreen;
				INFOPLIST_KEY_UIMainStoryboardFile = Main;
				INFOPLIST_KEY_UISupportedInterfaceOrientations_iPad = "UIInterfaceOrientationPortrait UIInterfaceOrientationPortraitUpsideDown UIInterfaceOrientationLandscapeLeft UIInterfaceOrientationLandscapeRight";
				INFOPLIST_KEY_UISupportedInterfaceOrientations_iPhone = "UIInterfaceOrientationPortrait UIInterfaceOrientationLandscapeLeft UIInterfaceOrientationLandscapeRight";
				LD_RUNPATH_SEARCH_PATHS = (
					"$(inherited)",
					"@executable_path/Frameworks",
				);
				MARKETING_VERSION = 1.0;
				PRODUCT_BUNDLE_IDENTIFIER = com.ichernov.Workout;
				PRODUCT_NAME = "$(TARGET_NAME)";
				SWIFT_EMIT_LOC_STRINGS = YES;
				SWIFT_VERSION = 5.0;
				TARGETED_DEVICE_FAMILY = "1,2";
			};
			name = Release;
		};
		7676C79227253E5A00EBC2BC /* Debug */ = {
			isa = XCBuildConfiguration;
			buildSettings = {
				ALWAYS_EMBED_SWIFT_STANDARD_LIBRARIES = YES;
				BUNDLE_LOADER = "$(TEST_HOST)";
				CODE_SIGN_STYLE = Automatic;
				CURRENT_PROJECT_VERSION = 1;
				DEVELOPMENT_TEAM = J8NW6SD29Q;
				GENERATE_INFOPLIST_FILE = YES;
				IPHONEOS_DEPLOYMENT_TARGET = 15.0;
				LD_RUNPATH_SEARCH_PATHS = (
					"$(inherited)",
					"@executable_path/Frameworks",
					"@loader_path/Frameworks",
				);
				MARKETING_VERSION = 1.0;
				PRODUCT_BUNDLE_IDENTIFIER = com.ichernov.WorkoutTests;
				PRODUCT_NAME = "$(TARGET_NAME)";
				SWIFT_EMIT_LOC_STRINGS = NO;
				SWIFT_VERSION = 5.0;
				TARGETED_DEVICE_FAMILY = "1,2";
				TEST_HOST = "$(BUILT_PRODUCTS_DIR)/Workout.app/Workout";
			};
			name = Debug;
		};
		7676C79327253E5A00EBC2BC /* Release */ = {
			isa = XCBuildConfiguration;
			buildSettings = {
				ALWAYS_EMBED_SWIFT_STANDARD_LIBRARIES = YES;
				BUNDLE_LOADER = "$(TEST_HOST)";
				CODE_SIGN_STYLE = Automatic;
				CURRENT_PROJECT_VERSION = 1;
				DEVELOPMENT_TEAM = J8NW6SD29Q;
				GENERATE_INFOPLIST_FILE = YES;
				IPHONEOS_DEPLOYMENT_TARGET = 15.0;
				LD_RUNPATH_SEARCH_PATHS = (
					"$(inherited)",
					"@executable_path/Frameworks",
					"@loader_path/Frameworks",
				);
				MARKETING_VERSION = 1.0;
				PRODUCT_BUNDLE_IDENTIFIER = com.ichernov.WorkoutTests;
				PRODUCT_NAME = "$(TARGET_NAME)";
				SWIFT_EMIT_LOC_STRINGS = NO;
				SWIFT_VERSION = 5.0;
				TARGETED_DEVICE_FAMILY = "1,2";
				TEST_HOST = "$(BUILT_PRODUCTS_DIR)/Workout.app/Workout";
			};
			name = Release;
		};
		7676C79527253E5A00EBC2BC /* Debug */ = {
			isa = XCBuildConfiguration;
			buildSettings = {
				ALWAYS_EMBED_SWIFT_STANDARD_LIBRARIES = YES;
				CODE_SIGN_STYLE = Automatic;
				CURRENT_PROJECT_VERSION = 1;
				DEVELOPMENT_TEAM = J8NW6SD29Q;
				GENERATE_INFOPLIST_FILE = YES;
				LD_RUNPATH_SEARCH_PATHS = (
					"$(inherited)",
					"@executable_path/Frameworks",
					"@loader_path/Frameworks",
				);
				MARKETING_VERSION = 1.0;
				PRODUCT_BUNDLE_IDENTIFIER = com.ichernov.WorkoutUITests;
				PRODUCT_NAME = "$(TARGET_NAME)";
				SWIFT_EMIT_LOC_STRINGS = NO;
				SWIFT_VERSION = 5.0;
				TARGETED_DEVICE_FAMILY = "1,2";
				TEST_TARGET_NAME = Workout;
			};
			name = Debug;
		};
		7676C79627253E5A00EBC2BC /* Release */ = {
			isa = XCBuildConfiguration;
			buildSettings = {
				ALWAYS_EMBED_SWIFT_STANDARD_LIBRARIES = YES;
				CODE_SIGN_STYLE = Automatic;
				CURRENT_PROJECT_VERSION = 1;
				DEVELOPMENT_TEAM = J8NW6SD29Q;
				GENERATE_INFOPLIST_FILE = YES;
				LD_RUNPATH_SEARCH_PATHS = (
					"$(inherited)",
					"@executable_path/Frameworks",
					"@loader_path/Frameworks",
				);
				MARKETING_VERSION = 1.0;
				PRODUCT_BUNDLE_IDENTIFIER = com.ichernov.WorkoutUITests;
				PRODUCT_NAME = "$(TARGET_NAME)";
				SWIFT_EMIT_LOC_STRINGS = NO;
				SWIFT_VERSION = 5.0;
				TARGETED_DEVICE_FAMILY = "1,2";
				TEST_TARGET_NAME = Workout;
			};
			name = Release;
		};
/* End XCBuildConfiguration section */

/* Begin XCConfigurationList section */
		7676C75F27253E5900EBC2BC /* Build configuration list for PBXProject "Workout" */ = {
			isa = XCConfigurationList;
			buildConfigurations = (
				7676C78C27253E5A00EBC2BC /* Debug */,
				7676C78D27253E5A00EBC2BC /* Release */,
			);
			defaultConfigurationIsVisible = 0;
			defaultConfigurationName = Release;
		};
		7676C78E27253E5A00EBC2BC /* Build configuration list for PBXNativeTarget "Workout" */ = {
			isa = XCConfigurationList;
			buildConfigurations = (
				7676C78F27253E5A00EBC2BC /* Debug */,
				7676C79027253E5A00EBC2BC /* Release */,
			);
			defaultConfigurationIsVisible = 0;
			defaultConfigurationName = Release;
		};
		7676C79127253E5A00EBC2BC /* Build configuration list for PBXNativeTarget "WorkoutTests" */ = {
			isa = XCConfigurationList;
			buildConfigurations = (
				7676C79227253E5A00EBC2BC /* Debug */,
				7676C79327253E5A00EBC2BC /* Release */,
			);
			defaultConfigurationIsVisible = 0;
			defaultConfigurationName = Release;
		};
		7676C79427253E5A00EBC2BC /* Build configuration list for PBXNativeTarget "WorkoutUITests" */ = {
			isa = XCConfigurationList;
			buildConfigurations = (
				7676C79527253E5A00EBC2BC /* Debug */,
				7676C79627253E5A00EBC2BC /* Release */,
			);
			defaultConfigurationIsVisible = 0;
			defaultConfigurationName = Release;
		};
/* End XCConfigurationList section */

/* Begin XCRemoteSwiftPackageReference section */
		7676C79727253E6C00EBC2BC /* XCRemoteSwiftPackageReference "Alamofire" */ = {
			isa = XCRemoteSwiftPackageReference;
			repositoryURL = "https://github.com/Alamofire/Alamofire.git";
			requirement = {
				branch = master;
				kind = branch;
			};
		};
/* End XCRemoteSwiftPackageReference section */

/* Begin XCSwiftPackageProductDependency section */
		7676C79827253E6C00EBC2BC /* Alamofire */ = {
			isa = XCSwiftPackageProductDependency;
			package = 7676C79727253E6C00EBC2BC /* XCRemoteSwiftPackageReference "Alamofire" */;
			productName = Alamofire;
		};
/* End XCSwiftPackageProductDependency section */
	};
	rootObject = 7676C75C27253E5900EBC2BC /* Project object */;
}
